
Microsoft Visual Studio Solution File, Format Version 10.00
# Visual Studio 2008
Project("{FAE04EC0-301F-11D3-BF4B-00C04F79EFBC}") = "GDataMobile", "GDataMobile\GDataMobile.csproj", "{75D1F7AF-7DBC-4897-88EF-614F1B62A528}"
EndProject
Project("{FAE04EC0-301F-11D3-BF4B-00C04F79EFBC}") = "GExtensionsMobile", "GExtensionsMobile\GExtensionsMobile.csproj", "{D0FAE713-B082-443C-9BDD-FAC1A8223A19}"
EndProject
Project("{FAE04EC0-301F-11D3-BF4B-00C04F79EFBC}") = "GCalendarMobile", "GCalendarMobile\GCalendarMobile.csproj", "{C44F844F-984D-4C6E-81EA-6DE3FC41B4BD}"
EndProject
Project("{FAE04EC0-301F-11D3-BF4B-00C04F79EFBC}") = "GCodeSearchMobile", "GCodeSearchMobile\GCodeSearchMobile.csproj", "{939F0882-B43E-4963-AE09-A3B2A0FE736E}"
EndProject
Project("{FAE04EC0-301F-11D3-BF4B-00C04F79EFBC}") = "GSpreadSheetsMobile", "GSpreadSheetsMobile\GSpreadSheetsMobile.csproj", "{15CA401F-2D92-498B-A9DE-DD24B34ACE25}"
EndProject
Project("{FAE04EC0-301F-11D3-BF4B-00C04F79EFBC}") = "GAppsMobile", "GAppsMobile\GAppsMobile.csproj", "{2AC67E0B-8441-4B7C-ACCE-79A306AB6E0F}"
EndProject
Project("{FAE04EC0-301F-11D3-BF4B-00C04F79EFBC}") = "GAclMobile", "GAclMobile\GAclMobile.csproj", "{ECE4BF85-3341-4EC8-B09C-2FCA27B6E1F8}"
EndProject
Project("{FAE04EC0-301F-11D3-BF4B-00C04F79EFBC}") = "GPhotosMobile", "GPhotosMobile\GPhotosMobile.csproj", "{1AAE9215-4653-40D2-A692-01DB9B8B9CBA}"
EndProject
Project("{FAE04EC0-301F-11D3-BF4B-00C04F79EFBC}") = "GDocListMobile", "GDocListMobile\GDocListMobile.csproj", "{065D22F2-3EF6-487B-872D-C0001427942C}"
EndProject
Project("{FAE04EC0-301F-11D3-BF4B-00C04F79EFBC}") = "GContactsMobile", "GContactsMobile\GContactsMobile.csproj", "{4F5AD3A8-2048-495F-9A00-BEC7FCD52D9F}"
EndProject
Project("{FAE04EC0-301F-11D3-BF4B-00C04F79EFBC}") = "GHealthMobile", "GHealthMobile\GHealthMobile.csproj", "{49A2182B-D3E9-4F8E-9F6F-1DFBC23318A8}"
EndProject
Project("{FAE04EC0-301F-11D3-BF4B-00C04F79EFBC}") = "GYouTubeMobile", "GYouTubeMobile\GYouTubeMobile.csproj", "{84DA03C2-0C51-4762-B418-C0F21D858F4A}"
EndProject
Project("{FAE04EC0-301F-11D3-BF4B-00C04F79EFBC}") = "GBloggerMobile", "GBloggerMobile\GBloggerMobile.csproj", "{6C7EA084-BA31-481E-89E5-8A7570EBFD88}"
EndProject
Project("{FAE04EC0-301F-11D3-BF4B-00C04F79EFBC}") = "GAnalyticsMobile", "GAnalyticsMobile\GAnalyticsMobile.csproj", "{A6BC878E-1E68-44C3-A98C-39F1DF2F98D3}"
EndProject
Global
	GlobalSection(SolutionConfigurationPlatforms) = preSolution
		Debug|Any CPU = Debug|Any CPU
		Release|Any CPU = Release|Any CPU
	EndGlobalSection
	GlobalSection(ProjectConfigurationPlatforms) = postSolution
		{75D1F7AF-7DBC-4897-88EF-614F1B62A528}.Debug|Any CPU.ActiveCfg = Debug|Any CPU
		{75D1F7AF-7DBC-4897-88EF-614F1B62A528}.Debug|Any CPU.Build.0 = Debug|Any CPU
		{75D1F7AF-7DBC-4897-88EF-614F1B62A528}.Release|Any CPU.ActiveCfg = Release|Any CPU
		{75D1F7AF-7DBC-4897-88EF-614F1B62A528}.Release|Any CPU.Build.0 = Release|Any CPU
		{D0FAE713-B082-443C-9BDD-FAC1A8223A19}.Debug|Any CPU.ActiveCfg = Debug|Any CPU
		{D0FAE713-B082-443C-9BDD-FAC1A8223A19}.Debug|Any CPU.Build.0 = Debug|Any CPU
		{D0FAE713-B082-443C-9BDD-FAC1A8223A19}.Release|Any CPU.ActiveCfg = Release|Any CPU
		{D0FAE713-B082-443C-9BDD-FAC1A8223A19}.Release|Any CPU.Build.0 = Release|Any CPU
		{C44F844F-984D-4C6E-81EA-6DE3FC41B4BD}.Debug|Any CPU.ActiveCfg = Debug|Any CPU
		{C44F844F-984D-4C6E-81EA-6DE3FC41B4BD}.Debug|Any CPU.Build.0 = Debug|Any CPU
		{C44F844F-984D-4C6E-81EA-6DE3FC41B4BD}.Release|Any CPU.ActiveCfg = Release|Any CPU
		{C44F844F-984D-4C6E-81EA-6DE3FC41B4BD}.Release|Any CPU.Build.0 = Release|Any CPU
		{939F0882-B43E-4963-AE09-A3B2A0FE736E}.Debug|Any CPU.ActiveCfg = Debug|Any CPU
		{939F0882-B43E-4963-AE09-A3B2A0FE736E}.Debug|Any CPU.Build.0 = Debug|Any CPU
		{939F0882-B43E-4963-AE09-A3B2A0FE736E}.Release|Any CPU.ActiveCfg = Release|Any CPU
		{939F0882-B43E-4963-AE09-A3B2A0FE736E}.Release|Any CPU.Build.0 = Release|Any CPU
		{15CA401F-2D92-498B-A9DE-DD24B34ACE25}.Debug|Any CPU.ActiveCfg = Debug|Any CPU
		{15CA401F-2D92-498B-A9DE-DD24B34ACE25}.Debug|Any CPU.Build.0 = Debug|Any CPU
		{15CA401F-2D92-498B-A9DE-DD24B34ACE25}.Release|Any CPU.ActiveCfg = Release|Any CPU
		{15CA401F-2D92-498B-A9DE-DD24B34ACE25}.Release|Any CPU.Build.0 = Release|Any CPU
		{2AC67E0B-8441-4B7C-ACCE-79A306AB6E0F}.Debug|Any CPU.ActiveCfg = Debug|Any CPU
		{2AC67E0B-8441-4B7C-ACCE-79A306AB6E0F}.Debug|Any CPU.Build.0 = Debug|Any CPU
		{2AC67E0B-8441-4B7C-ACCE-79A306AB6E0F}.Release|Any CPU.ActiveCfg = Release|Any CPU
		{2AC67E0B-8441-4B7C-ACCE-79A306AB6E0F}.Release|Any CPU.Build.0 = Release|Any CPU
		{ECE4BF85-3341-4EC8-B09C-2FCA27B6E1F8}.Debug|Any CPU.ActiveCfg = Debug|Any CPU
		{ECE4BF85-3341-4EC8-B09C-2FCA27B6E1F8}.Debug|Any CPU.Build.0 = Debug|Any CPU
		{ECE4BF85-3341-4EC8-B09C-2FCA27B6E1F8}.Release|Any CPU.ActiveCfg = Release|Any CPU
		{ECE4BF85-3341-4EC8-B09C-2FCA27B6E1F8}.Release|Any CPU.Build.0 = Release|Any CPU
		{1AAE9215-4653-40D2-A692-01DB9B8B9CBA}.Debug|Any CPU.ActiveCfg = Debug|Any CPU
		{1AAE9215-4653-40D2-A692-01DB9B8B9CBA}.Debug|Any CPU.Build.0 = Debug|Any CPU
		{1AAE9215-4653-40D2-A692-01DB9B8B9CBA}.Release|Any CPU.ActiveCfg = Release|Any CPU
		{1AAE9215-4653-40D2-A692-01DB9B8B9CBA}.Release|Any CPU.Build.0 = Release|Any CPU
		{065D22F2-3EF6-487B-872D-C0001427942C}.Debug|Any CPU.ActiveCfg = Debug|Any CPU
		{065D22F2-3EF6-487B-872D-C0001427942C}.Debug|Any CPU.Build.0 = Debug|Any CPU
		{065D22F2-3EF6-487B-872D-C0001427942C}.Release|Any CPU.ActiveCfg = Release|Any CPU
		{065D22F2-3EF6-487B-872D-C0001427942C}.Release|Any CPU.Build.0 = Release|Any CPU
		{4F5AD3A8-2048-495F-9A00-BEC7FCD52D9F}.Debug|Any CPU.ActiveCfg = Debug|Any CPU
		{4F5AD3A8-2048-495F-9A00-BEC7FCD52D9F}.Debug|Any CPU.Build.0 = Debug|Any CPU
		{4F5AD3A8-2048-495F-9A00-BEC7FCD52D9F}.Release|Any CPU.ActiveCfg = Release|Any CPU
		{4F5AD3A8-2048-495F-9A00-BEC7FCD52D9F}.Release|Any CPU.Build.0 = Release|Any CPU
		{49A2182B-D3E9-4F8E-9F6F-1DFBC23318A8}.Debug|Any CPU.ActiveCfg = Debug|Any CPU
		{49A2182B-D3E9-4F8E-9F6F-1DFBC23318A8}.Debug|Any CPU.Build.0 = Debug|Any CPU
		{49A2182B-D3E9-4F8E-9F6F-1DFBC23318A8}.Release|Any CPU.ActiveCfg = Release|Any CPU
		{49A2182B-D3E9-4F8E-9F6F-1DFBC23318A8}.Release|Any CPU.Build.0 = Release|Any CPU
		{84DA03C2-0C51-4762-B418-C0F21D858F4A}.Debug|Any CPU.ActiveCfg = Debug|Any CPU
		{84DA03C2-0C51-4762-B418-C0F21D858F4A}.Debug|Any CPU.Build.0 = Debug|Any CPU
		{84DA03C2-0C51-4762-B418-C0F21D858F4A}.Release|Any CPU.ActiveCfg = Release|Any CPU
		{84DA03C2-0C51-4762-B418-C0F21D858F4A}.Release|Any CPU.Build.0 = Release|Any CPU
		{6C7EA084-BA31-481E-89E5-8A7570EBFD88}.Debug|Any CPU.ActiveCfg = Debug|Any CPU
		{6C7EA084-BA31-481E-89E5-8A7570EBFD88}.Debug|Any CPU.Build.0 = Debug|Any CPU
		{6C7EA084-BA31-481E-89E5-8A7570EBFD88}.Release|Any CPU.ActiveCfg = Release|Any CPU
		{6C7EA084-BA31-481E-89E5-8A7570EBFD88}.Release|Any CPU.Build.0 = Release|Any CPU
		{A6BC878E-1E68-44C3-A98C-39F1DF2F98D3}.Debug|Any CPU.ActiveCfg = Debug|Any CPU
		{A6BC878E-1E68-44C3-A98C-39F1DF2F98D3}.Debug|Any CPU.Build.0 = Debug|Any CPU
		{A6BC878E-1E68-44C3-A98C-39F1DF2F98D3}.Release|Any CPU.ActiveCfg = Release|Any CPU
		{A6BC878E-1E68-44C3-A98C-39F1DF2F98D3}.Release|Any CPU.Build.0 = Release|Any CPU
	EndGlobalSection
	GlobalSection(SolutionProperties) = preSolution
		HideSolutionNode = FALSE
	EndGlobalSection
EndGlobal
