
Microsoft Visual Studio Solution File, Format Version 11.00
# Visual Studio 2010
Project("{54435603-DBB4-11D2-8724-00A0C9A8B90C}") = "YouTube SDK", "YouTube SDK\YouTube SDK.vdproj", "{7050143B-34D5-481C-B580-ED674DA21B04}"
EndProject
Project("{FAE04EC0-301F-11D3-BF4B-00C04F79EFBC}") = "Core Client", "..\..\core\Core Client.csproj", "{B6F6D938-0D45-42BA-8A67-55D92EF03995}"
EndProject
Project("{FAE04EC0-301F-11D3-BF4B-00C04F79EFBC}") = "Common Data Extensions", "..\..\extensions\Common Data Extensions.csproj", "{21BCB644-F9C3-4ADC-8BE1-4E55C6565011}"
EndProject
Project("{FAE04EC0-301F-11D3-BF4B-00C04F79EFBC}") = "YouTube", "..\YouTube.csproj", "{2C497F73-7C10-4DC6-A680-CAA9DF442E91}"
EndProject
Project("{FAE04EC0-301F-11D3-BF4B-00C04F79EFBC}") = "YouTubeNotifier", "..\..\..\samples\YouTubeNotifier\YouTubeNotifier.csproj", "{91B3DC78-1120-4803-A2D6-88753174F819}"
EndProject
Project("{E24C65DC-7377-472B-9ABA-BC803B73C61A}") = "YouTubeSample", "..\..\..\samples\YouTubeSample\", "{6EC1E1BD-4D9E-4306-B9DA-6F9A096D17C8}"
	ProjectSection(WebsiteProperties) = preProject
		TargetFrameworkMoniker = ".NETFramework,Version%3Dv3.5"
		Debug.AspNetCompiler.VirtualPath = "/YouTubeSample"
		Debug.AspNetCompiler.PhysicalPath = "..\..\..\samples\YouTubeSample\"
		Debug.AspNetCompiler.TargetPath = "PrecompiledWeb\YouTubeSample\"
		Debug.AspNetCompiler.Updateable = "true"
		Debug.AspNetCompiler.ForceOverwrite = "true"
		Debug.AspNetCompiler.FixedNames = "false"
		Debug.AspNetCompiler.Debug = "True"
		Release.AspNetCompiler.VirtualPath = "/YouTubeSample"
		Release.AspNetCompiler.PhysicalPath = "..\..\..\samples\YouTubeSample\"
		Release.AspNetCompiler.TargetPath = "PrecompiledWeb\YouTubeSample\"
		Release.AspNetCompiler.Updateable = "true"
		Release.AspNetCompiler.ForceOverwrite = "true"
		Release.AspNetCompiler.FixedNames = "false"
		Release.AspNetCompiler.Debug = "False"
		VWDPort = "1390"
		DefaultWebSiteLanguage = "Visual C#"
	EndProjectSection
EndProject
Project("{FAE04EC0-301F-11D3-BF4B-00C04F79EFBC}") = "YouTubeUploader", "..\..\..\samples\YouTubeUploader\YouTubeUploader\YouTubeUploader.csproj", "{725130CA-A753-45A8-855F-EA22728E3F95}"
EndProject
Project("{FAE04EC0-301F-11D3-BF4B-00C04F79EFBC}") = "LumenWorks.Framework.IO", "..\..\..\samples\YouTubeUploader\LumenWorks.Framework.IO\LumenWorks.Framework.IO.csproj", "{E3B83D68-C90C-4874-8E5F-DEC8D038BC7C}"
EndProject
Global
	GlobalSection(SolutionConfigurationPlatforms) = preSolution
		ASP|.NET = ASP|.NET
		ASP|Any CPU = ASP|Any CPU
		Debug|.NET = Debug|.NET
		Debug|Any CPU = Debug|Any CPU
		Release|.NET = Release|.NET
		Release|Any CPU = Release|Any CPU
	EndGlobalSection
	GlobalSection(ProjectConfigurationPlatforms) = postSolution
		{7050143B-34D5-481C-B580-ED674DA21B04}.ASP|.NET.ActiveCfg = Release
		{7050143B-34D5-481C-B580-ED674DA21B04}.ASP|.NET.Build.0 = Release
		{7050143B-34D5-481C-B580-ED674DA21B04}.ASP|Any CPU.ActiveCfg = Release
		{7050143B-34D5-481C-B580-ED674DA21B04}.ASP|Any CPU.Build.0 = Release
		{7050143B-34D5-481C-B580-ED674DA21B04}.Debug|.NET.ActiveCfg = Debug
		{7050143B-34D5-481C-B580-ED674DA21B04}.Debug|Any CPU.ActiveCfg = Debug
		{7050143B-34D5-481C-B580-ED674DA21B04}.Debug|Any CPU.Build.0 = Debug
		{7050143B-34D5-481C-B580-ED674DA21B04}.Release|.NET.ActiveCfg = Release
		{7050143B-34D5-481C-B580-ED674DA21B04}.Release|.NET.Build.0 = Release
		{7050143B-34D5-481C-B580-ED674DA21B04}.Release|Any CPU.ActiveCfg = Release
		{7050143B-34D5-481C-B580-ED674DA21B04}.Release|Any CPU.Build.0 = Release
		{B6F6D938-0D45-42BA-8A67-55D92EF03995}.ASP|.NET.ActiveCfg = ASP|Any CPU
		{B6F6D938-0D45-42BA-8A67-55D92EF03995}.ASP|.NET.Build.0 = ASP|Any CPU
		{B6F6D938-0D45-42BA-8A67-55D92EF03995}.ASP|Any CPU.ActiveCfg = ASP|Any CPU
		{B6F6D938-0D45-42BA-8A67-55D92EF03995}.ASP|Any CPU.Build.0 = ASP|Any CPU
		{B6F6D938-0D45-42BA-8A67-55D92EF03995}.Debug|.NET.ActiveCfg = Debug|Any CPU
		{B6F6D938-0D45-42BA-8A67-55D92EF03995}.Debug|.NET.Build.0 = Debug|Any CPU
		{B6F6D938-0D45-42BA-8A67-55D92EF03995}.Debug|Any CPU.ActiveCfg = Debug|Any CPU
		{B6F6D938-0D45-42BA-8A67-55D92EF03995}.Debug|Any CPU.Build.0 = Debug|Any CPU
		{B6F6D938-0D45-42BA-8A67-55D92EF03995}.Release|.NET.ActiveCfg = Release|Any CPU
		{B6F6D938-0D45-42BA-8A67-55D92EF03995}.Release|.NET.Build.0 = Release|Any CPU
		{B6F6D938-0D45-42BA-8A67-55D92EF03995}.Release|Any CPU.ActiveCfg = Release|Any CPU
		{B6F6D938-0D45-42BA-8A67-55D92EF03995}.Release|Any CPU.Build.0 = Release|Any CPU
		{21BCB644-F9C3-4ADC-8BE1-4E55C6565011}.ASP|.NET.ActiveCfg = ASP|Any CPU
		{21BCB644-F9C3-4ADC-8BE1-4E55C6565011}.ASP|.NET.Build.0 = ASP|Any CPU
		{21BCB644-F9C3-4ADC-8BE1-4E55C6565011}.ASP|Any CPU.ActiveCfg = ASP|Any CPU
		{21BCB644-F9C3-4ADC-8BE1-4E55C6565011}.ASP|Any CPU.Build.0 = ASP|Any CPU
		{21BCB644-F9C3-4ADC-8BE1-4E55C6565011}.Debug|.NET.ActiveCfg = Debug|Any CPU
		{21BCB644-F9C3-4ADC-8BE1-4E55C6565011}.Debug|.NET.Build.0 = Debug|Any CPU
		{21BCB644-F9C3-4ADC-8BE1-4E55C6565011}.Debug|Any CPU.ActiveCfg = Debug|Any CPU
		{21BCB644-F9C3-4ADC-8BE1-4E55C6565011}.Debug|Any CPU.Build.0 = Debug|Any CPU
		{21BCB644-F9C3-4ADC-8BE1-4E55C6565011}.Release|.NET.ActiveCfg = Release|Any CPU
		{21BCB644-F9C3-4ADC-8BE1-4E55C6565011}.Release|.NET.Build.0 = Release|Any CPU
		{21BCB644-F9C3-4ADC-8BE1-4E55C6565011}.Release|Any CPU.ActiveCfg = Release|Any CPU
		{21BCB644-F9C3-4ADC-8BE1-4E55C6565011}.Release|Any CPU.Build.0 = Release|Any CPU
		{2C497F73-7C10-4DC6-A680-CAA9DF442E91}.ASP|.NET.ActiveCfg = ASP|Any CPU
		{2C497F73-7C10-4DC6-A680-CAA9DF442E91}.ASP|.NET.Build.0 = ASP|Any CPU
		{2C497F73-7C10-4DC6-A680-CAA9DF442E91}.ASP|Any CPU.ActiveCfg = ASP|Any CPU
		{2C497F73-7C10-4DC6-A680-CAA9DF442E91}.ASP|Any CPU.Build.0 = ASP|Any CPU
		{2C497F73-7C10-4DC6-A680-CAA9DF442E91}.Debug|.NET.ActiveCfg = Debug|Any CPU
		{2C497F73-7C10-4DC6-A680-CAA9DF442E91}.Debug|.NET.Build.0 = Debug|Any CPU
		{2C497F73-7C10-4DC6-A680-CAA9DF442E91}.Debug|Any CPU.ActiveCfg = Debug|Any CPU
		{2C497F73-7C10-4DC6-A680-CAA9DF442E91}.Debug|Any CPU.Build.0 = Debug|Any CPU
		{2C497F73-7C10-4DC6-A680-CAA9DF442E91}.Release|.NET.ActiveCfg = Release|Any CPU
		{2C497F73-7C10-4DC6-A680-CAA9DF442E91}.Release|.NET.Build.0 = Release|Any CPU
		{2C497F73-7C10-4DC6-A680-CAA9DF442E91}.Release|Any CPU.ActiveCfg = Release|Any CPU
		{2C497F73-7C10-4DC6-A680-CAA9DF442E91}.Release|Any CPU.Build.0 = Release|Any CPU
		{91B3DC78-1120-4803-A2D6-88753174F819}.ASP|.NET.ActiveCfg = Release|Any CPU
		{91B3DC78-1120-4803-A2D6-88753174F819}.ASP|.NET.Build.0 = Release|Any CPU
		{91B3DC78-1120-4803-A2D6-88753174F819}.ASP|Any CPU.ActiveCfg = Release|Any CPU
		{91B3DC78-1120-4803-A2D6-88753174F819}.ASP|Any CPU.Build.0 = Release|Any CPU
		{91B3DC78-1120-4803-A2D6-88753174F819}.Debug|.NET.ActiveCfg = Debug|Any CPU
		{91B3DC78-1120-4803-A2D6-88753174F819}.Debug|.NET.Build.0 = Debug|Any CPU
		{91B3DC78-1120-4803-A2D6-88753174F819}.Debug|Any CPU.ActiveCfg = Debug|Any CPU
		{91B3DC78-1120-4803-A2D6-88753174F819}.Debug|Any CPU.Build.0 = Debug|Any CPU
		{91B3DC78-1120-4803-A2D6-88753174F819}.Release|.NET.ActiveCfg = Release|Any CPU
		{91B3DC78-1120-4803-A2D6-88753174F819}.Release|.NET.Build.0 = Release|Any CPU
		{91B3DC78-1120-4803-A2D6-88753174F819}.Release|Any CPU.ActiveCfg = Release|Any CPU
		{91B3DC78-1120-4803-A2D6-88753174F819}.Release|Any CPU.Build.0 = Release|Any CPU
		{6EC1E1BD-4D9E-4306-B9DA-6F9A096D17C8}.ASP|.NET.ActiveCfg = Debug|Any CPU
		{6EC1E1BD-4D9E-4306-B9DA-6F9A096D17C8}.ASP|Any CPU.ActiveCfg = Debug|Any CPU
		{6EC1E1BD-4D9E-4306-B9DA-6F9A096D17C8}.ASP|Any CPU.Build.0 = Debug|Any CPU
		{6EC1E1BD-4D9E-4306-B9DA-6F9A096D17C8}.Debug|.NET.ActiveCfg = Debug|Any CPU
		{6EC1E1BD-4D9E-4306-B9DA-6F9A096D17C8}.Debug|.NET.Build.0 = Debug|Any CPU
		{6EC1E1BD-4D9E-4306-B9DA-6F9A096D17C8}.Debug|Any CPU.ActiveCfg = Debug|Any CPU
		{6EC1E1BD-4D9E-4306-B9DA-6F9A096D17C8}.Debug|Any CPU.Build.0 = Debug|Any CPU
		{6EC1E1BD-4D9E-4306-B9DA-6F9A096D17C8}.Release|.NET.ActiveCfg = Debug|Any CPU
		{6EC1E1BD-4D9E-4306-B9DA-6F9A096D17C8}.Release|Any CPU.ActiveCfg = Debug|Any CPU
		{6EC1E1BD-4D9E-4306-B9DA-6F9A096D17C8}.Release|Any CPU.Build.0 = Debug|Any CPU
		{725130CA-A753-45A8-855F-EA22728E3F95}.ASP|.NET.ActiveCfg = Release|Any CPU
		{725130CA-A753-45A8-855F-EA22728E3F95}.ASP|.NET.Build.0 = Release|Any CPU
		{725130CA-A753-45A8-855F-EA22728E3F95}.ASP|Any CPU.ActiveCfg = Release|Any CPU
		{725130CA-A753-45A8-855F-EA22728E3F95}.ASP|Any CPU.Build.0 = Release|Any CPU
		{725130CA-A753-45A8-855F-EA22728E3F95}.Debug|.NET.ActiveCfg = Debug|Any CPU
		{725130CA-A753-45A8-855F-EA22728E3F95}.Debug|.NET.Build.0 = Debug|Any CPU
		{725130CA-A753-45A8-855F-EA22728E3F95}.Debug|Any CPU.ActiveCfg = Debug|Any CPU
		{725130CA-A753-45A8-855F-EA22728E3F95}.Debug|Any CPU.Build.0 = Debug|Any CPU
		{725130CA-A753-45A8-855F-EA22728E3F95}.Release|.NET.ActiveCfg = Release|Any CPU
		{725130CA-A753-45A8-855F-EA22728E3F95}.Release|.NET.Build.0 = Release|Any CPU
		{725130CA-A753-45A8-855F-EA22728E3F95}.Release|Any CPU.ActiveCfg = Release|Any CPU
		{725130CA-A753-45A8-855F-EA22728E3F95}.Release|Any CPU.Build.0 = Release|Any CPU
		{E3B83D68-C90C-4874-8E5F-DEC8D038BC7C}.ASP|.NET.ActiveCfg = Release|Any CPU
		{E3B83D68-C90C-4874-8E5F-DEC8D038BC7C}.ASP|.NET.Build.0 = Release|Any CPU
		{E3B83D68-C90C-4874-8E5F-DEC8D038BC7C}.ASP|Any CPU.ActiveCfg = Release|Any CPU
		{E3B83D68-C90C-4874-8E5F-DEC8D038BC7C}.ASP|Any CPU.Build.0 = Release|Any CPU
		{E3B83D68-C90C-4874-8E5F-DEC8D038BC7C}.Debug|.NET.ActiveCfg = Debug|Any CPU
		{E3B83D68-C90C-4874-8E5F-DEC8D038BC7C}.Debug|.NET.Build.0 = Debug|Any CPU
		{E3B83D68-C90C-4874-8E5F-DEC8D038BC7C}.Debug|Any CPU.ActiveCfg = Debug|Any CPU
		{E3B83D68-C90C-4874-8E5F-DEC8D038BC7C}.Debug|Any CPU.Build.0 = Debug|Any CPU
		{E3B83D68-C90C-4874-8E5F-DEC8D038BC7C}.Release|.NET.ActiveCfg = Release|Any CPU
		{E3B83D68-C90C-4874-8E5F-DEC8D038BC7C}.Release|.NET.Build.0 = Release|Any CPU
		{E3B83D68-C90C-4874-8E5F-DEC8D038BC7C}.Release|Any CPU.ActiveCfg = Release|Any CPU
		{E3B83D68-C90C-4874-8E5F-DEC8D038BC7C}.Release|Any CPU.Build.0 = Release|Any CPU
	EndGlobalSection
	GlobalSection(SolutionProperties) = preSolution
		HideSolutionNode = FALSE
	EndGlobalSection
EndGlobal
