
Microsoft Visual Studio Solution File, Format Version 11.00
# Visual Studio 2010
Project("{E24C65DC-7377-472B-9ABA-BC803B73C61A}") = "YouTubeSample", "YouTubeSample\", "{6EC1E1BD-4D9E-4306-B9DA-6F9A096D17C8}"
	ProjectSection(WebsiteProperties) = preProject
		TargetFrameworkMoniker = ".NETFramework,Version%3Dv3.5"
		Debug.AspNetCompiler.VirtualPath = "/YouTubeSample"
		Debug.AspNetCompiler.PhysicalPath = "YouTubeSample\"
		Debug.AspNetCompiler.TargetPath = "PrecompiledWeb\YouTubeSample\"
		Debug.AspNetCompiler.Updateable = "true"
		Debug.AspNetCompiler.ForceOverwrite = "true"
		Debug.AspNetCompiler.FixedNames = "false"
		Debug.AspNetCompiler.Debug = "True"
		Release.AspNetCompiler.VirtualPath = "/YouTubeSample"
		Release.AspNetCompiler.PhysicalPath = "YouTubeSample\"
		Release.AspNetCompiler.TargetPath = "PrecompiledWeb\YouTubeSample\"
		Release.AspNetCompiler.Updateable = "true"
		Release.AspNetCompiler.ForceOverwrite = "true"
		Release.AspNetCompiler.FixedNames = "false"
		Release.AspNetCompiler.Debug = "False"
		VWDPort = "54060"
		DefaultWebSiteLanguage = "Visual C#"
	EndProjectSection
EndProject
Global
	GlobalSection(SolutionConfigurationPlatforms) = preSolution
		Debug|.NET = Debug|.NET
	EndGlobalSection
	GlobalSection(ProjectConfigurationPlatforms) = postSolution
		{6EC1E1BD-4D9E-4306-B9DA-6F9A096D17C8}.Debug|.NET.ActiveCfg = Debug|.NET
		{6EC1E1BD-4D9E-4306-B9DA-6F9A096D17C8}.Debug|.NET.Build.0 = Debug|.NET
	EndGlobalSection
	GlobalSection(SolutionProperties) = preSolution
		HideSolutionNode = FALSE
	EndGlobalSection
EndGlobal
