Microsoft Visual Studio Solution File, Format Version 8.00
Project("{FAE04EC0-301F-11D3-BF4B-00C04F79EFBC}") = "Blogger", "Blogger\Blogger.csproj", "{D5C537EA-AF47-4BFF-9765-921BF180701F}"
	ProjectSection(ProjectDependencies) = postProject
	EndProjectSection
EndProject
Project("{FAE04EC0-301F-11D3-BF4B-00C04F79EFBC}") = "gdata", "gdata\gdata.csproj", "{B6F6D938-0D45-42BA-8A67-55D92EF03995}"
	ProjectSection(ProjectDependencies) = postProject
	EndProjectSection
EndProject
Project("{FAE04EC0-301F-11D3-BF4B-00C04F79EFBC}") = "gextension", "gextension\gextension.csproj", "{21BCB644-F9C3-4ADC-8BE1-4E55C6565011}"
	ProjectSection(ProjectDependencies) = postProject
	EndProjectSection
EndProject
Project("{FAE04EC0-301F-11D3-BF4B-00C04F79EFBC}") = "gcalendar", "gcalendar\gcalendar.csproj", "{0AD0FA26-A071-4CAC-851C-05B6C26B9888}"
	ProjectSection(ProjectDependencies) = postProject
	EndProjectSection
EndProject
Project("{FAE04EC0-301F-11D3-BF4B-00C04F79EFBC}") = "Calendar", "Calendar\Calendar.csproj", "{66A10433-B78E-4144-9FD9-882E21D60F1E}"
	ProjectSection(ProjectDependencies) = postProject
	EndProjectSection
EndProject
Project("{FAE04EC0-301F-11D3-BF4B-00C04F79EFBC}") = "gbase", "gbase\gbase.csproj", "{C9B83904-8002-455C-AA48-C47CDF74F365}"
	ProjectSection(ProjectDependencies) = postProject
	EndProjectSection
EndProject
Project("{FAE04EC0-301F-11D3-BF4B-00C04F79EFBC}") = "gbase_customertool", "gbase_customertool\gbase_customertool.csproj", "{A9AB8EB3-8327-4F57-9984-652DB7A8B11F}"
	ProjectSection(ProjectDependencies) = postProject
	EndProjectSection
EndProject
Project("{FAE04EC0-301F-11D3-BF4B-00C04F79EFBC}") = "gbase_querytool", "gbase_querytool\gbase_querytool.csproj", "{0DB13911-7A1C-4E05-BCEA-B6F3DD6CCEA2}"
	ProjectSection(ProjectDependencies) = postProject
	EndProjectSection
EndProject
Project("{F184B08F-C81C-45F6-A57F-5ABD9991F28F}") = "gbase_demo", "gbase_demo\gbase_demo.vbproj", "{48D6F5E9-595C-416E-B105-B4CCD5045511}"
	ProjectSection(ProjectDependencies) = postProject
	EndProjectSection
EndProject
Project("{FAE04EC0-301F-11D3-BF4B-00C04F79EFBC}") = "gcodesearch", "gcodesearch\gcodesearch.csproj", "{6C9717F6-4CEF-4665-82DA-31073493FFA0}"
	ProjectSection(ProjectDependencies) = postProject
	EndProjectSection
EndProject
Project("{FAE04EC0-301F-11D3-BF4B-00C04F79EFBC}") = "CodeSearch", "CodeSearch\CodeSearch.csproj", "{3ADFC495-3BCB-4A8E-970C-653B079799B4}"
	ProjectSection(ProjectDependencies) = postProject
	EndProjectSection
EndProject
Project("{FAE04EC0-301F-11D3-BF4B-00C04F79EFBC}") = "gspreadsheets", "gspreadsheets\gspreadsheets.csproj", "{3FF0C48A-48CC-49CE-8B65-0C780770A75D}"
	ProjectSection(ProjectDependencies) = postProject
	EndProjectSection
EndProject
Project("{FAE04EC0-301F-11D3-BF4B-00C04F79EFBC}") = "Spreadsheet", "Spreadsheet\Spreadsheet.csproj", "{87784AB1-DCAB-4C86-BC03-C4D8D1A28606}"
	ProjectSection(ProjectDependencies) = postProject
	EndProjectSection
EndProject
Project("{FAE04EC0-301F-11D3-BF4B-00C04F79EFBC}") = "unittests", "unittests\unittests.csproj", "{22D56E6B-DF29-4675-A655-B33252B7FA4B}"
	ProjectSection(ProjectDependencies) = postProject
	EndProjectSection
EndProject
Project("{FAE04EC0-301F-11D3-BF4B-00C04F79EFBC}") = "gapps", "gapps\gapps.csproj", "{96CCB33A-3B32-480E-B83D-93F0309F7DD2}"
	ProjectSection(ProjectDependencies) = postProject
	EndProjectSection
EndProject
Project("{FAE04EC0-301F-11D3-BF4B-00C04F79EFBC}") = "gapps_sample", "gapps_sample\gapps_sample.csproj", "{25DF4CCD-68C9-400E-87FF-8FCFAF76C998}"
	ProjectSection(ProjectDependencies) = postProject
	EndProjectSection
EndProject
Project("{FAE04EC0-301F-11D3-BF4B-00C04F79EFBC}") = "gacl", "gacl\gacl.csproj", "{279D35CE-871A-4C76-B823-A73675EDF191}"
	ProjectSection(ProjectDependencies) = postProject
	EndProjectSection
EndProject
Global
	GlobalSection(SolutionConfiguration) = preSolution
		Debug = Debug
		Release = Release
		ASP = ASP
	EndGlobalSection
	GlobalSection(ProjectDependencies) = postSolution
	EndGlobalSection
	GlobalSection(ProjectConfiguration) = postSolution
		{B6F6D938-0D45-42BA-8A67-55D92EF03995}.ASP.ActiveCfg = ASP|.NET
		{B6F6D938-0D45-42BA-8A67-55D92EF03995}.ASP.Build.0 = ASP|.NET
		{B6F6D938-0D45-42BA-8A67-55D92EF03995}.Debug.ActiveCfg = Debug|.NET
		{B6F6D938-0D45-42BA-8A67-55D92EF03995}.Debug.Build.0 = Debug|.NET
		{B6F6D938-0D45-42BA-8A67-55D92EF03995}.Release.ActiveCfg = Release|.NET
		{B6F6D938-0D45-42BA-8A67-55D92EF03995}.Release.Build.0 = Release|.NET
		{21BCB644-F9C3-4ADC-8BE1-4E55C6565011}.ASP.ActiveCfg = ASP|.NET
		{21BCB644-F9C3-4ADC-8BE1-4E55C6565011}.ASP.Build.0 = ASP|.NET
		{21BCB644-F9C3-4ADC-8BE1-4E55C6565011}.Debug.ActiveCfg = Debug|.NET
		{21BCB644-F9C3-4ADC-8BE1-4E55C6565011}.Debug.Build.0 = Debug|.NET
		{21BCB644-F9C3-4ADC-8BE1-4E55C6565011}.Release.ActiveCfg = Release|.NET
		{21BCB644-F9C3-4ADC-8BE1-4E55C6565011}.Release.Build.0 = Release|.NET
		{0AD0FA26-A071-4CAC-851C-05B6C26B9888}.ASP.ActiveCfg = ASP|.NET
		{0AD0FA26-A071-4CAC-851C-05B6C26B9888}.ASP.Build.0 = ASP|.NET
		{0AD0FA26-A071-4CAC-851C-05B6C26B9888}.Debug.ActiveCfg = Debug|.NET
		{0AD0FA26-A071-4CAC-851C-05B6C26B9888}.Debug.Build.0 = Debug|.NET
		{0AD0FA26-A071-4CAC-851C-05B6C26B9888}.Release.ActiveCfg = Release|.NET
		{0AD0FA26-A071-4CAC-851C-05B6C26B9888}.Release.Build.0 = Release|.NET
		{66A10433-B78E-4144-9FD9-882E21D60F1E}.ASP.ActiveCfg = ASP|.NET
		{66A10433-B78E-4144-9FD9-882E21D60F1E}.Debug.ActiveCfg = Debug|.NET
		{66A10433-B78E-4144-9FD9-882E21D60F1E}.Debug.Build.0 = Debug|.NET
		{66A10433-B78E-4144-9FD9-882E21D60F1E}.Release.ActiveCfg = Release|.NET
		{66A10433-B78E-4144-9FD9-882E21D60F1E}.Release.Build.0 = Release|.NET
		{D5C537EA-AF47-4BFF-9765-921BF180701F}.ASP.ActiveCfg = ASP|.NET
		{D5C537EA-AF47-4BFF-9765-921BF180701F}.Debug.ActiveCfg = Debug|.NET
		{D5C537EA-AF47-4BFF-9765-921BF180701F}.Debug.Build.0 = Debug|.NET
		{D5C537EA-AF47-4BFF-9765-921BF180701F}.Release.ActiveCfg = Release|.NET
		{D5C537EA-AF47-4BFF-9765-921BF180701F}.Release.Build.0 = Release|.NET
		{C9B83904-8002-455C-AA48-C47CDF74F365}.ASP.ActiveCfg = ASP|.NET
		{C9B83904-8002-455C-AA48-C47CDF74F365}.ASP.Build.0 = ASP|.NET
		{C9B83904-8002-455C-AA48-C47CDF74F365}.Debug.ActiveCfg = Debug|.NET
		{C9B83904-8002-455C-AA48-C47CDF74F365}.Debug.Build.0 = Debug|.NET
		{C9B83904-8002-455C-AA48-C47CDF74F365}.Release.ActiveCfg = Release|.NET
		{C9B83904-8002-455C-AA48-C47CDF74F365}.Release.Build.0 = Release|.NET
		{A9AB8EB3-8327-4F57-9984-652DB7A8B11F}.ASP.ActiveCfg = ASP|.NET
		{A9AB8EB3-8327-4F57-9984-652DB7A8B11F}.Debug.ActiveCfg = Debug|.NET
		{A9AB8EB3-8327-4F57-9984-652DB7A8B11F}.Debug.Build.0 = Debug|.NET
		{A9AB8EB3-8327-4F57-9984-652DB7A8B11F}.Release.ActiveCfg = Release|.NET
		{A9AB8EB3-8327-4F57-9984-652DB7A8B11F}.Release.Build.0 = Release|.NET
		{0DB13911-7A1C-4E05-BCEA-B6F3DD6CCEA2}.ASP.ActiveCfg = ASP|.NET
		{0DB13911-7A1C-4E05-BCEA-B6F3DD6CCEA2}.Debug.ActiveCfg = Debug|.NET
		{0DB13911-7A1C-4E05-BCEA-B6F3DD6CCEA2}.Debug.Build.0 = Debug|.NET
		{0DB13911-7A1C-4E05-BCEA-B6F3DD6CCEA2}.Release.ActiveCfg = Release|.NET
		{0DB13911-7A1C-4E05-BCEA-B6F3DD6CCEA2}.Release.Build.0 = Release|.NET
		{48D6F5E9-595C-416E-B105-B4CCD5045511}.ASP.ActiveCfg = ASP|.NET
		{48D6F5E9-595C-416E-B105-B4CCD5045511}.Debug.ActiveCfg = Debug|.NET
		{48D6F5E9-595C-416E-B105-B4CCD5045511}.Debug.Build.0 = Debug|.NET
		{48D6F5E9-595C-416E-B105-B4CCD5045511}.Release.ActiveCfg = Release|.NET
		{48D6F5E9-595C-416E-B105-B4CCD5045511}.Release.Build.0 = Release|.NET
		{6C9717F6-4CEF-4665-82DA-31073493FFA0}.ASP.ActiveCfg = ASP|.NET
		{6C9717F6-4CEF-4665-82DA-31073493FFA0}.ASP.Build.0 = ASP|.NET
		{6C9717F6-4CEF-4665-82DA-31073493FFA0}.Debug.ActiveCfg = Debug|.NET
		{6C9717F6-4CEF-4665-82DA-31073493FFA0}.Debug.Build.0 = Debug|.NET
		{6C9717F6-4CEF-4665-82DA-31073493FFA0}.Release.ActiveCfg = Release|.NET
		{6C9717F6-4CEF-4665-82DA-31073493FFA0}.Release.Build.0 = Release|.NET
		{3ADFC495-3BCB-4A8E-970C-653B079799B4}.ASP.ActiveCfg = ASP|.NET
		{3ADFC495-3BCB-4A8E-970C-653B079799B4}.Debug.ActiveCfg = Debug|.NET
		{3ADFC495-3BCB-4A8E-970C-653B079799B4}.Debug.Build.0 = Debug|.NET
		{3ADFC495-3BCB-4A8E-970C-653B079799B4}.Release.ActiveCfg = Release|.NET
		{3ADFC495-3BCB-4A8E-970C-653B079799B4}.Release.Build.0 = Release|.NET
		{3FF0C48A-48CC-49CE-8B65-0C780770A75D}.ASP.ActiveCfg = ASP|.NET
		{3FF0C48A-48CC-49CE-8B65-0C780770A75D}.ASP.Build.0 = ASP|.NET
		{3FF0C48A-48CC-49CE-8B65-0C780770A75D}.Debug.ActiveCfg = Debug|.NET
		{3FF0C48A-48CC-49CE-8B65-0C780770A75D}.Debug.Build.0 = Debug|.NET
		{3FF0C48A-48CC-49CE-8B65-0C780770A75D}.Release.ActiveCfg = Release|.NET
		{3FF0C48A-48CC-49CE-8B65-0C780770A75D}.Release.Build.0 = Release|.NET
		{87784AB1-DCAB-4C86-BC03-C4D8D1A28606}.ASP.ActiveCfg = ASP|.NET
		{87784AB1-DCAB-4C86-BC03-C4D8D1A28606}.ASP.Build.0 = ASP|.NET
		{87784AB1-DCAB-4C86-BC03-C4D8D1A28606}.Debug.ActiveCfg = Debug|.NET
		{87784AB1-DCAB-4C86-BC03-C4D8D1A28606}.Debug.Build.0 = Debug|.NET
		{87784AB1-DCAB-4C86-BC03-C4D8D1A28606}.Release.ActiveCfg = Release|.NET
		{87784AB1-DCAB-4C86-BC03-C4D8D1A28606}.Release.Build.0 = Release|.NET
		{22D56E6B-DF29-4675-A655-B33252B7FA4B}.ASP.ActiveCfg = ASP|.NET
		{22D56E6B-DF29-4675-A655-B33252B7FA4B}.ASP.Build.0 = ASP|.NET
		{22D56E6B-DF29-4675-A655-B33252B7FA4B}.Debug.ActiveCfg = Debug|.NET
		{22D56E6B-DF29-4675-A655-B33252B7FA4B}.Debug.Build.0 = Debug|.NET
		{22D56E6B-DF29-4675-A655-B33252B7FA4B}.Release.ActiveCfg = Release|.NET
		{22D56E6B-DF29-4675-A655-B33252B7FA4B}.Release.Build.0 = Release|.NET
		{96CCB33A-3B32-480E-B83D-93F0309F7DD2}.ASP.ActiveCfg = ASP|.NET
		{96CCB33A-3B32-480E-B83D-93F0309F7DD2}.ASP.Build.0 = ASP|.NET
		{96CCB33A-3B32-480E-B83D-93F0309F7DD2}.Debug.ActiveCfg = Debug|.NET
		{96CCB33A-3B32-480E-B83D-93F0309F7DD2}.Debug.Build.0 = Debug|.NET
		{96CCB33A-3B32-480E-B83D-93F0309F7DD2}.Release.ActiveCfg = Release|.NET
		{96CCB33A-3B32-480E-B83D-93F0309F7DD2}.Release.Build.0 = Release|.NET
		{25DF4CCD-68C9-400E-87FF-8FCFAF76C998}.ASP.ActiveCfg = ASP|.NET
		{25DF4CCD-68C9-400E-87FF-8FCFAF76C998}.Debug.ActiveCfg = Debug|.NET
		{25DF4CCD-68C9-400E-87FF-8FCFAF76C998}.Debug.Build.0 = Debug|.NET
		{25DF4CCD-68C9-400E-87FF-8FCFAF76C998}.Release.ActiveCfg = Release|.NET
		{25DF4CCD-68C9-400E-87FF-8FCFAF76C998}.Release.Build.0 = Release|.NET
		{279D35CE-871A-4C76-B823-A73675EDF191}.ASP.ActiveCfg = ASP|.NET
		{279D35CE-871A-4C76-B823-A73675EDF191}.ASP.Build.0 = ASP|.NET
		{279D35CE-871A-4C76-B823-A73675EDF191}.Debug.ActiveCfg = Debug|.NET
		{279D35CE-871A-4C76-B823-A73675EDF191}.Debug.Build.0 = Debug|.NET
		{279D35CE-871A-4C76-B823-A73675EDF191}.Release.ActiveCfg = Release|.NET
		{279D35CE-871A-4C76-B823-A73675EDF191}.Release.Build.0 = Release|.NET
	EndGlobalSection
	GlobalSection(ExtensibilityGlobals) = postSolution
	EndGlobalSection
	GlobalSection(ExtensibilityAddIns) = postSolution
	EndGlobalSection
EndGlobal
