
Microsoft Visual Studio Solution File, Format Version 9.00
# Visual Studio 2005
Project("{FAE04EC0-301F-11D3-BF4B-00C04F79EFBC}") = "Blogger", "Blogger.csproj", "{D5C537EA-AF47-4BFF-9765-921BF180701F}"
EndProject
Global
	GlobalSection(SolutionConfigurationPlatforms) = preSolution
		ASP|Any CPU = ASP|Any CPU
		Debug|Any CPU = Debug|Any CPU
		Release|Any CPU = Release|Any CPU
	EndGlobalSection
	GlobalSection(ProjectConfigurationPlatforms) = postSolution
		{D5C537EA-AF47-4BFF-9765-921BF180701F}.ASP|Any CPU.ActiveCfg = ASP|Any CPU
		{D5C537EA-AF47-4BFF-9765-921BF180701F}.ASP|Any CPU.Build.0 = ASP|Any CPU
		{D5C537EA-AF47-4BFF-9765-921BF180701F}.Debug|Any CPU.ActiveCfg = Debug|Any CPU
		{D5C537EA-AF47-4BFF-9765-921BF180701F}.Debug|Any CPU.Build.0 = Debug|Any CPU
		{D5C537EA-AF47-4BFF-9765-921BF180701F}.Release|Any CPU.ActiveCfg = Release|Any CPU
		{D5C537EA-AF47-4BFF-9765-921BF180701F}.Release|Any CPU.Build.0 = Release|Any CPU
	EndGlobalSection
	GlobalSection(SolutionProperties) = preSolution
		HideSolutionNode = FALSE
	EndGlobalSection
EndGlobal
