Microsoft Visual Studio Solution File, Format Version 11.00
# Visual Studio 2010
Project("{FAE04EC0-301F-11D3-BF4B-00C04F79EFBC}") = "Common Data Extensions", "extensions\Common Data Extensions.csproj", "{21BCB644-F9C3-4ADC-8BE1-4E55C6565011}"
EndProject
Project("{FAE04EC0-301F-11D3-BF4B-00C04F79EFBC}") = "Calendar", "gcalendar\Calendar.csproj", "{0AD0FA26-A071-4CAC-851C-05B6C26B9888}"
EndProject
Project("{FAE04EC0-301F-11D3-BF4B-00C04F79EFBC}") = "Spreadsheets", "gspreadsheet\Spreadsheets.csproj", "{3FF0C48A-48CC-49CE-8B65-0C780770A75D}"
EndProject
Project("{FAE04EC0-301F-11D3-BF4B-00C04F79EFBC}") = "Applications", "gapps\Applications.csproj", "{96CCB33A-3B32-480E-B83D-93F0309F7DD2}"
EndProject
Project("{FAE04EC0-301F-11D3-BF4B-00C04F79EFBC}") = "Access Control", "gacl\Access Control.csproj", "{279D35CE-871A-4C76-B823-A73675EDF191}"
EndProject
Project("{FAE04EC0-301F-11D3-BF4B-00C04F79EFBC}") = "Picasa", "gphotos\Picasa.csproj", "{6781DF3C-A44F-418B-989B-771D17937F91}"
EndProject
Project("{FAE04EC0-301F-11D3-BF4B-00C04F79EFBC}") = "unittests", "unittests\unittests.csproj", "{22D56E6B-DF29-4675-A655-B33252B7FA4B}"
EndProject
Project("{FAE04EC0-301F-11D3-BF4B-00C04F79EFBC}") = "Contacts", "gcontacts\Contacts.csproj", "{66B2AD47-7DD2-43E5-9124-D53486609992}"
EndProject
Project("{FAE04EC0-301F-11D3-BF4B-00C04F79EFBC}") = "YouTube", "youtube\YouTube.csproj", "{2C497F73-7C10-4DC6-A680-CAA9DF442E91}"
EndProject
Project("{FAE04EC0-301F-11D3-BF4B-00C04F79EFBC}") = "Blogger", "blogger\Blogger.csproj", "{BE48B106-7766-494C-B0F1-00989ACF2480}"
EndProject
Project("{FAE04EC0-301F-11D3-BF4B-00C04F79EFBC}") = "Core Client", "core\Core Client.csproj", "{B6F6D938-0D45-42BA-8A67-55D92EF03995}"
EndProject
Project("{FAE04EC0-301F-11D3-BF4B-00C04F79EFBC}") = "Analytics", "analytics\Analytics.csproj", "{A7BA16A4-7636-46CA-AAAD-3CB3361ECD40}"
EndProject
Project("{FAE04EC0-301F-11D3-BF4B-00C04F79EFBC}") = "Documents3", "documents3\Documents3.csproj", "{4E97E7C2-D30C-48ED-9C3D-FFA2127099AA}"
EndProject
Project("{FAE04EC0-301F-11D3-BF4B-00C04F79EFBC}") = "WebmasterTools", "webmastertools\WebmasterTools.csproj", "{321BC361-7817-4471-8E7D-8B9D09EC3B48}"
EndProject
Project("{FAE04EC0-301F-11D3-BF4B-00C04F79EFBC}") = "ContentForShopping", "contentforshopping\ContentForShopping.csproj", "{3C8CB832-3F44-4963-8C89-437AAAA7765D}"
EndProject
Global
	GlobalSection(SolutionConfigurationPlatforms) = preSolution
		ASP|Any CPU = ASP|Any CPU
		Debug|Any CPU = Debug|Any CPU
		Release|Any CPU = Release|Any CPU
	EndGlobalSection
	GlobalSection(ProjectConfigurationPlatforms) = postSolution
		{21BCB644-F9C3-4ADC-8BE1-4E55C6565011}.ASP|Any CPU.ActiveCfg = ASP|Any CPU
		{21BCB644-F9C3-4ADC-8BE1-4E55C6565011}.ASP|Any CPU.Build.0 = ASP|Any CPU
		{21BCB644-F9C3-4ADC-8BE1-4E55C6565011}.Debug|Any CPU.ActiveCfg = Debug|Any CPU
		{21BCB644-F9C3-4ADC-8BE1-4E55C6565011}.Debug|Any CPU.Build.0 = Debug|Any CPU
		{21BCB644-F9C3-4ADC-8BE1-4E55C6565011}.Release|Any CPU.ActiveCfg = Release|Any CPU
		{21BCB644-F9C3-4ADC-8BE1-4E55C6565011}.Release|Any CPU.Build.0 = Release|Any CPU
		{0AD0FA26-A071-4CAC-851C-05B6C26B9888}.ASP|Any CPU.ActiveCfg = ASP|Any CPU
		{0AD0FA26-A071-4CAC-851C-05B6C26B9888}.ASP|Any CPU.Build.0 = ASP|Any CPU
		{0AD0FA26-A071-4CAC-851C-05B6C26B9888}.Debug|Any CPU.ActiveCfg = Debug|Any CPU
		{0AD0FA26-A071-4CAC-851C-05B6C26B9888}.Debug|Any CPU.Build.0 = Debug|Any CPU
		{0AD0FA26-A071-4CAC-851C-05B6C26B9888}.Release|Any CPU.ActiveCfg = Release|Any CPU
		{0AD0FA26-A071-4CAC-851C-05B6C26B9888}.Release|Any CPU.Build.0 = Release|Any CPU
		{3FF0C48A-48CC-49CE-8B65-0C780770A75D}.ASP|Any CPU.ActiveCfg = ASP|Any CPU
		{3FF0C48A-48CC-49CE-8B65-0C780770A75D}.ASP|Any CPU.Build.0 = ASP|Any CPU
		{3FF0C48A-48CC-49CE-8B65-0C780770A75D}.Debug|Any CPU.ActiveCfg = Debug|Any CPU
		{3FF0C48A-48CC-49CE-8B65-0C780770A75D}.Debug|Any CPU.Build.0 = Debug|Any CPU
		{3FF0C48A-48CC-49CE-8B65-0C780770A75D}.Release|Any CPU.ActiveCfg = Release|Any CPU
		{3FF0C48A-48CC-49CE-8B65-0C780770A75D}.Release|Any CPU.Build.0 = Release|Any CPU
		{96CCB33A-3B32-480E-B83D-93F0309F7DD2}.ASP|Any CPU.ActiveCfg = ASP|Any CPU
		{96CCB33A-3B32-480E-B83D-93F0309F7DD2}.ASP|Any CPU.Build.0 = ASP|Any CPU
		{96CCB33A-3B32-480E-B83D-93F0309F7DD2}.Debug|Any CPU.ActiveCfg = Debug|Any CPU
		{96CCB33A-3B32-480E-B83D-93F0309F7DD2}.Debug|Any CPU.Build.0 = Debug|Any CPU
		{96CCB33A-3B32-480E-B83D-93F0309F7DD2}.Release|Any CPU.ActiveCfg = Release|Any CPU
		{96CCB33A-3B32-480E-B83D-93F0309F7DD2}.Release|Any CPU.Build.0 = Release|Any CPU
		{279D35CE-871A-4C76-B823-A73675EDF191}.ASP|Any CPU.ActiveCfg = ASP|Any CPU
		{279D35CE-871A-4C76-B823-A73675EDF191}.ASP|Any CPU.Build.0 = ASP|Any CPU
		{279D35CE-871A-4C76-B823-A73675EDF191}.Debug|Any CPU.ActiveCfg = Debug|Any CPU
		{279D35CE-871A-4C76-B823-A73675EDF191}.Debug|Any CPU.Build.0 = Debug|Any CPU
		{279D35CE-871A-4C76-B823-A73675EDF191}.Release|Any CPU.ActiveCfg = Release|Any CPU
		{279D35CE-871A-4C76-B823-A73675EDF191}.Release|Any CPU.Build.0 = Release|Any CPU
		{6781DF3C-A44F-418B-989B-771D17937F91}.ASP|Any CPU.ActiveCfg = ASP|Any CPU
		{6781DF3C-A44F-418B-989B-771D17937F91}.ASP|Any CPU.Build.0 = ASP|Any CPU
		{6781DF3C-A44F-418B-989B-771D17937F91}.Debug|Any CPU.ActiveCfg = Debug|Any CPU
		{6781DF3C-A44F-418B-989B-771D17937F91}.Debug|Any CPU.Build.0 = Debug|Any CPU
		{6781DF3C-A44F-418B-989B-771D17937F91}.Release|Any CPU.ActiveCfg = Release|Any CPU
		{6781DF3C-A44F-418B-989B-771D17937F91}.Release|Any CPU.Build.0 = Release|Any CPU
		{22D56E6B-DF29-4675-A655-B33252B7FA4B}.ASP|Any CPU.ActiveCfg = ASP|Any CPU
		{22D56E6B-DF29-4675-A655-B33252B7FA4B}.ASP|Any CPU.Build.0 = ASP|Any CPU
		{22D56E6B-DF29-4675-A655-B33252B7FA4B}.Debug|Any CPU.ActiveCfg = Debug|Any CPU
		{22D56E6B-DF29-4675-A655-B33252B7FA4B}.Debug|Any CPU.Build.0 = Debug|Any CPU
		{22D56E6B-DF29-4675-A655-B33252B7FA4B}.Release|Any CPU.ActiveCfg = Release|Any CPU
		{22D56E6B-DF29-4675-A655-B33252B7FA4B}.Release|Any CPU.Build.0 = Release|Any CPU
		{66B2AD47-7DD2-43E5-9124-D53486609992}.ASP|Any CPU.ActiveCfg = ASP|Any CPU
		{66B2AD47-7DD2-43E5-9124-D53486609992}.ASP|Any CPU.Build.0 = ASP|Any CPU
		{66B2AD47-7DD2-43E5-9124-D53486609992}.Debug|Any CPU.ActiveCfg = Debug|Any CPU
		{66B2AD47-7DD2-43E5-9124-D53486609992}.Debug|Any CPU.Build.0 = Debug|Any CPU
		{66B2AD47-7DD2-43E5-9124-D53486609992}.Release|Any CPU.ActiveCfg = Release|Any CPU
		{66B2AD47-7DD2-43E5-9124-D53486609992}.Release|Any CPU.Build.0 = Release|Any CPU
		{2C497F73-7C10-4DC6-A680-CAA9DF442E91}.ASP|Any CPU.ActiveCfg = ASP|Any CPU
		{2C497F73-7C10-4DC6-A680-CAA9DF442E91}.ASP|Any CPU.Build.0 = ASP|Any CPU
		{2C497F73-7C10-4DC6-A680-CAA9DF442E91}.Debug|Any CPU.ActiveCfg = Debug|Any CPU
		{2C497F73-7C10-4DC6-A680-CAA9DF442E91}.Debug|Any CPU.Build.0 = Debug|Any CPU
		{2C497F73-7C10-4DC6-A680-CAA9DF442E91}.Release|Any CPU.ActiveCfg = Release|Any CPU
		{2C497F73-7C10-4DC6-A680-CAA9DF442E91}.Release|Any CPU.Build.0 = Release|Any CPU
		{BE48B106-7766-494C-B0F1-00989ACF2480}.ASP|Any CPU.ActiveCfg = ASP|Any CPU
		{BE48B106-7766-494C-B0F1-00989ACF2480}.ASP|Any CPU.Build.0 = ASP|Any CPU
		{BE48B106-7766-494C-B0F1-00989ACF2480}.Debug|Any CPU.ActiveCfg = Debug|Any CPU
		{BE48B106-7766-494C-B0F1-00989ACF2480}.Debug|Any CPU.Build.0 = Debug|Any CPU
		{BE48B106-7766-494C-B0F1-00989ACF2480}.Release|Any CPU.ActiveCfg = Release|Any CPU
		{BE48B106-7766-494C-B0F1-00989ACF2480}.Release|Any CPU.Build.0 = Release|Any CPU
		{B6F6D938-0D45-42BA-8A67-55D92EF03995}.ASP|Any CPU.ActiveCfg = ASP|Any CPU
		{B6F6D938-0D45-42BA-8A67-55D92EF03995}.ASP|Any CPU.Build.0 = ASP|Any CPU
		{B6F6D938-0D45-42BA-8A67-55D92EF03995}.Debug|Any CPU.ActiveCfg = Debug|Any CPU
		{B6F6D938-0D45-42BA-8A67-55D92EF03995}.Debug|Any CPU.Build.0 = Debug|Any CPU
		{B6F6D938-0D45-42BA-8A67-55D92EF03995}.Release|Any CPU.ActiveCfg = Release|Any CPU
		{B6F6D938-0D45-42BA-8A67-55D92EF03995}.Release|Any CPU.Build.0 = Release|Any CPU
		{A7BA16A4-7636-46CA-AAAD-3CB3361ECD40}.ASP|Any CPU.ActiveCfg = ASP|Any CPU
		{A7BA16A4-7636-46CA-AAAD-3CB3361ECD40}.ASP|Any CPU.Build.0 = ASP|Any CPU
		{A7BA16A4-7636-46CA-AAAD-3CB3361ECD40}.Debug|Any CPU.ActiveCfg = Debug|Any CPU
		{A7BA16A4-7636-46CA-AAAD-3CB3361ECD40}.Debug|Any CPU.Build.0 = Debug|Any CPU
		{A7BA16A4-7636-46CA-AAAD-3CB3361ECD40}.Release|Any CPU.ActiveCfg = Release|Any CPU
		{A7BA16A4-7636-46CA-AAAD-3CB3361ECD40}.Release|Any CPU.Build.0 = Release|Any CPU
		{4E97E7C2-D30C-48ED-9C3D-FFA2127099AA}.ASP|Any CPU.ActiveCfg = ASP|Any CPU
		{4E97E7C2-D30C-48ED-9C3D-FFA2127099AA}.ASP|Any CPU.Build.0 = ASP|Any CPU
		{4E97E7C2-D30C-48ED-9C3D-FFA2127099AA}.Debug|Any CPU.ActiveCfg = Debug|Any CPU
		{4E97E7C2-D30C-48ED-9C3D-FFA2127099AA}.Debug|Any CPU.Build.0 = Debug|Any CPU
		{4E97E7C2-D30C-48ED-9C3D-FFA2127099AA}.Release|Any CPU.ActiveCfg = Release|Any CPU
		{4E97E7C2-D30C-48ED-9C3D-FFA2127099AA}.Release|Any CPU.Build.0 = Release|Any CPU
		{321BC361-7817-4471-8E7D-8B9D09EC3B48}.ASP|Any CPU.ActiveCfg = Release|Any CPU
		{321BC361-7817-4471-8E7D-8B9D09EC3B48}.ASP|Any CPU.Build.0 = Release|Any CPU
		{321BC361-7817-4471-8E7D-8B9D09EC3B48}.Debug|Any CPU.ActiveCfg = Debug|Any CPU
		{321BC361-7817-4471-8E7D-8B9D09EC3B48}.Debug|Any CPU.Build.0 = Debug|Any CPU
		{321BC361-7817-4471-8E7D-8B9D09EC3B48}.Release|Any CPU.ActiveCfg = Release|Any CPU
		{321BC361-7817-4471-8E7D-8B9D09EC3B48}.Release|Any CPU.Build.0 = Release|Any CPU
		{3C8CB832-3F44-4963-8C89-437AAAA7765D}.ASP|Any CPU.ActiveCfg = Release|Any CPU
		{3C8CB832-3F44-4963-8C89-437AAAA7765D}.ASP|Any CPU.Build.0 = Release|Any CPU
		{3C8CB832-3F44-4963-8C89-437AAAA7765D}.Debug|Any CPU.ActiveCfg = Debug|Any CPU
		{3C8CB832-3F44-4963-8C89-437AAAA7765D}.Debug|Any CPU.Build.0 = Debug|Any CPU
		{3C8CB832-3F44-4963-8C89-437AAAA7765D}.Release|Any CPU.ActiveCfg = Release|Any CPU
		{3C8CB832-3F44-4963-8C89-437AAAA7765D}.Release|Any CPU.Build.0 = Release|Any CPU
	EndGlobalSection
	GlobalSection(SolutionProperties) = preSolution
		HideSolutionNode = FALSE
	EndGlobalSection
EndGlobal
